Microsoft Visual Studio Solution File, Format Version 11.00
# Visual Studio 2008

Project("{3D8652D6-891A-A78E-19AD-1AF27811D208}") = "Challenge_Unity", "Assembly-CSharp.csproj", "{DEF437AC-16F4-3BF1-8553-EADAFC2AB73F}"
EndProject
Global
	GlobalSection(SolutionConfigurationPlatforms) = preSolution
		Debug|Any CPU = Debug|Any CPU
		Release|Any CPU = Release|Any CPU
	EndGlobalSection
	GlobalSection(ProjectConfigurationPlatforms) = postSolution
		{DEF437AC-16F4-3BF1-8553-EADAFC2AB73F}.Debug|Any CPU.ActiveCfg = Debug|Any CPU
		{DEF437AC-16F4-3BF1-8553-EADAFC2AB73F}.Debug|Any CPU.Build.0 = Debug|Any CPU
		{DEF437AC-16F4-3BF1-8553-EADAFC2AB73F}.Release|Any CPU.ActiveCfg = Release|Any CPU
		{DEF437AC-16F4-3BF1-8553-EADAFC2AB73F}.Release|Any CPU.Build.0 = Release|Any CPU
	EndGlobalSection
	GlobalSection(SolutionProperties) = preSolution
		HideSolutionNode = FALSE
	EndGlobalSection
	GlobalSection(MonoDevelopProperties) = preSolution
		StartupItem = Assembly-CSharp.csproj
	EndGlobalSection
EndGlobal
